<?xml version="1.0" encoding="UTF-8" standalone="yes" ?>
<CodeBlocks_project_file>
	<FileVersion major="1" minor="6" />
	<Project>
		<Option title="VG101Hw8" />
		<Option pch_mode="2" />
		<Option compiler="gcc" />
		<Build>
			<Target title="Debug">
				<Option output="bin/Debug/VG101Hw8" prefix_auto="1" extension_auto="1" />
				<Option object_output="obj/Debug/" />
				<Option type="1" />
				<Option compiler="gcc" />
				<Compiler>
					<Add option="-g" />
				</Compiler>
			</Target>
		</Build>
		<Compiler>
			<Add option="-Wall" />
			<Add option="-fexceptions" />
		</Compiler>
		<Unit filename="headers/button.h" />
		<Unit filename="headers/button_simple.h" />
		<Unit filename="headers/form.h" />
		<Unit filename="headers/hw8.h" />
		<Unit filename="headers/label.h" />
		<Unit filename="headers/screen.h" />
		<Unit filename="headers/uiproperty.h" />
		<Unit filename="src_gui/Screen.cpp" />
		<Unit filename="src_gui/control.cpp" />
		<Unit filename="src_gui/form_control.cpp" />
		<Unit filename="src_gui/label.cpp" />
		<Unit filename="src_gui/main.cpp" />
		<Unit filename="src_gui/ui_properties.cpp" />
		<Unit filename="src_gui/uibutton.cpp" />
		<Extensions>
			<code_completion />
			<envvars />
			<debugger />
		</Extensions>
	</Project>
</CodeBlocks_project_file>
